// !$*UTF8*$!
{
	archiveVersion = 1;
	classes = {
	};
	objectVersion = 56;
	objects = {

/* Begin PBXBuildFile section */
		17634B26E4EB4BE59CC4C7CE /* BarkVisorConsoleApp.swift in Sources */ = {isa = PBXBuildFile; fileRef = 5F24339286D521AF2C260FA6 /* BarkVisorConsoleApp.swift */; };
		3995B209EDDA358C2CE8D566 /* Theme.swift in Sources */ = {isa = PBXBuildFile; fileRef = D972FFFAF314F1E415F95262 /* Theme.swift */; };
		B8C3AABE20B3B126FB3A7651 /* Models.swift in Sources */ = {isa = PBXBuildFile; fileRef = 69CCB06D0BEF46910846E84B /* Models.swift */; };
		EEAF463302F7B80BDDF4DD1F /* LibraryCatalog.swift in Sources */ = {isa = PBXBuildFile; fileRef = 9416B2FFA637735BD6A83D9E /* LibraryCatalog.swift */; };
		D3917BDBB132CA31F7930F40 /* CreateWorkload.swift in Sources */ = {isa = PBXBuildFile; fileRef = 4F90E2197568BEAE7ABFB99E /* CreateWorkload.swift */; };
		875A95A55EF63D129EFA0CF5 /* CodingAgentImage.swift in Sources */ = {isa = PBXBuildFile; fileRef = 1434A82B342472B527529F12 /* CodingAgentImage.swift */; };
		70951B7FEA9379BF5991EE56 /* LoginURI.swift in Sources */ = {isa = PBXBuildFile; fileRef = F479E78AC8E6DA04341B1D0A /* LoginURI.swift */; };
		010C45BE233A64785B84DE07 /* LoginOfferQR.swift in Sources */ = {isa = PBXBuildFile; fileRef = FE546D4E85BEAB00C60AEBB8 /* LoginOfferQR.swift */; };
		7D0D18E893DC0929EE2593FD /* PairingOffer.swift in Sources */ = {isa = PBXBuildFile; fileRef = DB3EE4BDE5C46872FDFF37D2 /* PairingOffer.swift */; };
		3111420B5795A7B5C4C9EB7C /* StreamSupport.swift in Sources */ = {isa = PBXBuildFile; fileRef = B91FA22625E91B4AE84B4B12 /* StreamSupport.swift */; };
		672D83DB1AA1BBD3EE39EF98 /* OllamaModels.swift in Sources */ = {isa = PBXBuildFile; fileRef = 113D0559519883CC9981125D /* OllamaModels.swift */; };
		32E3F907E72D7AC82B5BDB53 /* Chat.swift in Sources */ = {isa = PBXBuildFile; fileRef = EC595B82F89104655FA5BD6D /* Chat.swift */; };
		4D5F42AAD9FFEA4C03B4A640 /* KeychainStore.swift in Sources */ = {isa = PBXBuildFile; fileRef = 6CE29C3169565F90D27BF2D1 /* KeychainStore.swift */; };
		3495C38B4E19F7ED749AE745 /* APIClient.swift in Sources */ = {isa = PBXBuildFile; fileRef = C16E71E792A18330E918CE2C /* APIClient.swift */; };
		4BD46825C0B81C92CC81AD9B /* AppModel.swift in Sources */ = {isa = PBXBuildFile; fileRef = DC94B3E12BF8A75C918934D8 /* AppModel.swift */; };
		F3E0AD70EAB6684ACB560CA0 /* ConsoleSession.swift in Sources */ = {isa = PBXBuildFile; fileRef = 3BF2E9CD8A8A2935D535C090 /* ConsoleSession.swift */; };
		DFF9BA2EF5C55A2DA338FA91 /* RootView.swift in Sources */ = {isa = PBXBuildFile; fileRef = 9E3D16F9314A80FC782E950D /* RootView.swift */; };
		E82045A66F22735704FF1659 /* ConnectView.swift in Sources */ = {isa = PBXBuildFile; fileRef = 4EDDA117AD453050E0D04717 /* ConnectView.swift */; };
		EC06974B57C7AC501E9E00FA /* LoginQRScanner.swift in Sources */ = {isa = PBXBuildFile; fileRef = A6E9DD696EC064C0E356616F /* LoginQRScanner.swift */; };
		93C4E88344ACDF5A9723FCCA /* AppShell.swift in Sources */ = {isa = PBXBuildFile; fileRef = 958E57141FE4AF286E9FB9DC /* AppShell.swift */; };
		B5DBFF2632507C489AF3F996 /* SidebarView.swift in Sources */ = {isa = PBXBuildFile; fileRef = BCA5A59E35FA97FDAAB97F49 /* SidebarView.swift */; };
		F3E39ED4F727F96FB8AE08F4 /* DashboardView.swift in Sources */ = {isa = PBXBuildFile; fileRef = FF0845A7F634DD213C8A3643 /* DashboardView.swift */; };
		066E278CB0B44DF9BF2A3171 /* ChatView.swift in Sources */ = {isa = PBXBuildFile; fileRef = 486354A327DD1C1F2B08B6C8 /* ChatView.swift */; };
		8D3E98BD70C737AADA346B93 /* HomeView.swift in Sources */ = {isa = PBXBuildFile; fileRef = C40C0E3A9BCA1B51480836FF /* HomeView.swift */; };
		2095399BAAD4B4CDA639CCBA /* DevicesView.swift in Sources */ = {isa = PBXBuildFile; fileRef = 6BA85C5946B65A59DFF46D77 /* DevicesView.swift */; };
		5EE12625C18B3A818D879D8C /* WorkloadsView.swift in Sources */ = {isa = PBXBuildFile; fileRef = A2210F025CB5CB601D421AC2 /* WorkloadsView.swift */; };
		11E524FFFCD88CD4978F96A8 /* CreateWorkloadSheet.swift in Sources */ = {isa = PBXBuildFile; fileRef = 623CAE304C77B61B00F58519 /* CreateWorkloadSheet.swift */; };
		9AC43EFDD19DB3039AB005B8 /* WorkloadDetailView.swift in Sources */ = {isa = PBXBuildFile; fileRef = 5B71FF54AEAA3CBBCAE36961 /* WorkloadDetailView.swift */; };
		DF4E37A51C3F79D06ECE745F /* SerialConsoleView.swift in Sources */ = {isa = PBXBuildFile; fileRef = 5BA84623ABE6FF301D44FA98 /* SerialConsoleView.swift */; };
		02D993BF3DB2B3D572704DE7 /* DisplayView.swift in Sources */ = {isa = PBXBuildFile; fileRef = 9C4FA8F29E95AD508869D0D1 /* DisplayView.swift */; };
		09B7827E25017555FD5BE1C2 /* LibraryView.swift in Sources */ = {isa = PBXBuildFile; fileRef = 6851D270665497BF2365DA20 /* LibraryView.swift */; };
		ADA9E5B76527A277A4967A26 /* ModelsView.swift in Sources */ = {isa = PBXBuildFile; fileRef = B4A77CF83D103110E5BF91E4 /* ModelsView.swift */; };
		8D8B2DE73FDE3D090B7BF3A9 /* SettingsView.swift in Sources */ = {isa = PBXBuildFile; fileRef = 3A4CC16A220D98EE907BF334 /* SettingsView.swift */; };
		9CB4F17BCA5715D9BAC8F201 /* Components.swift in Sources */ = {isa = PBXBuildFile; fileRef = E2E14E47E20214650F056095 /* Components.swift */; };
		FB90684E69A6C96ED866993E /* Assets.xcassets in Resources */ = {isa = PBXBuildFile; fileRef = E0E27618A2D2A8FEBDD49F35 /* Assets.xcassets */; };
		D2AC7A94173F65741361BA3F /* noVNC in Resources */ = {isa = PBXBuildFile; fileRef = E8B498E4629DB56F072E5A0B /* noVNC */; };
		89988E97162C9EEA1AADDF3D /* SwiftTerm in Frameworks */ = {isa = PBXBuildFile; productRef = FDAFD770BDEB2E2B37188E80 /* SwiftTerm */; };
		30B59A87B68379EC1911E553 /* APIDecodingTests.swift in Sources */ = {isa = PBXBuildFile; fileRef = 5997AFB7C283ECF969D6B8E3 /* APIDecodingTests.swift */; };
		E1B4C9E9B34B37BDE12F5342 /* LibraryCatalogTests.swift in Sources */ = {isa = PBXBuildFile; fileRef = 22FC7CFD982EE31324B0005D /* LibraryCatalogTests.swift */; };
		5768E7FA4356E7827E3F93D5 /* CreateWorkloadTests.swift in Sources */ = {isa = PBXBuildFile; fileRef = 4A026BC9CA66C66CEA2B15B5 /* CreateWorkloadTests.swift */; };
		0453A0E474EB6E667BA9AE63 /* WorkloadDetailTests.swift in Sources */ = {isa = PBXBuildFile; fileRef = D2ED86E091468ABF880FF671 /* WorkloadDetailTests.swift */; };
		D8E0BC3A9E1CEA906979E925 /* LocalStreamTests.swift in Sources */ = {isa = PBXBuildFile; fileRef = F2736E37BD8088E36CB88836 /* LocalStreamTests.swift */; };
		0594E9D181A95AE9B9959531 /* SessionTests.swift in Sources */ = {isa = PBXBuildFile; fileRef = BAFA94CEA740ED82135195F5 /* SessionTests.swift */; };
		DFAAF0B2B149C7BAE4D60F65 /* PairingOfferTests.swift in Sources */ = {isa = PBXBuildFile; fileRef = E40CBB0AD5AB0EF09A550FF6 /* PairingOfferTests.swift */; };
		3778ECDFDF579856BE9D888F /* OllamaModelsTests.swift in Sources */ = {isa = PBXBuildFile; fileRef = 34F4F7B15CB150B09835FA6D /* OllamaModelsTests.swift */; };
		2E78904B91B8F1EC30085112 /* ChatTests.swift in Sources */ = {isa = PBXBuildFile; fileRef = C98BDFE53740C15BA087AE6F /* ChatTests.swift */; };
/* End PBXBuildFile section */

/* Begin PBXFileReference section */
		8A247A2079A6E4934CBC47E7 /* BarkVisorConsole.app */ = {isa = PBXFileReference; explicitFileType = wrapper.application; includeInIndex = 0; path = BarkVisorConsole.app; sourceTree = BUILT_PRODUCTS_DIR; };
		C6E48D7EB97B3255A74117B1 /* BarkVisorConsoleTests.xctest */ = {isa = PBXFileReference; explicitFileType = wrapper.cfbundle; includeInIndex = 0; path = BarkVisorConsoleTests.xctest; sourceTree = BUILT_PRODUCTS_DIR; };
		5F24339286D521AF2C260FA6 /* BarkVisorConsoleApp.swift */ = {isa = PBXFileReference; lastKnownFileType = sourcecode.swift; path = BarkVisorConsoleApp.swift; sourceTree = "<group>"; };
		D972FFFAF314F1E415F95262 /* Theme.swift */ = {isa = PBXFileReference; lastKnownFileType = sourcecode.swift; path = Theme.swift; sourceTree = "<group>"; };
		69CCB06D0BEF46910846E84B /* Models.swift */ = {isa = PBXFileReference; lastKnownFileType = sourcecode.swift; path = Models.swift; sourceTree = "<group>"; };
		9416B2FFA637735BD6A83D9E /* LibraryCatalog.swift */ = {isa = PBXFileReference; lastKnownFileType = sourcecode.swift; path = LibraryCatalog.swift; sourceTree = "<group>"; };
		4F90E2197568BEAE7ABFB99E /* CreateWorkload.swift */ = {isa = PBXFileReference; lastKnownFileType = sourcecode.swift; path = CreateWorkload.swift; sourceTree = "<group>"; };
		1434A82B342472B527529F12 /* CodingAgentImage.swift */ = {isa = PBXFileReference; lastKnownFileType = sourcecode.swift; path = CodingAgentImage.swift; sourceTree = "<group>"; };
		F479E78AC8E6DA04341B1D0A /* LoginURI.swift */ = {isa = PBXFileReference; lastKnownFileType = sourcecode.swift; path = LoginURI.swift; sourceTree = "<group>"; };
		FE546D4E85BEAB00C60AEBB8 /* LoginOfferQR.swift */ = {isa = PBXFileReference; lastKnownFileType = sourcecode.swift; path = LoginOfferQR.swift; sourceTree = "<group>"; };
		DB3EE4BDE5C46872FDFF37D2 /* PairingOffer.swift */ = {isa = PBXFileReference; lastKnownFileType = sourcecode.swift; path = PairingOffer.swift; sourceTree = "<group>"; };
		B91FA22625E91B4AE84B4B12 /* StreamSupport.swift */ = {isa = PBXFileReference; lastKnownFileType = sourcecode.swift; path = StreamSupport.swift; sourceTree = "<group>"; };
		113D0559519883CC9981125D /* OllamaModels.swift */ = {isa = PBXFileReference; lastKnownFileType = sourcecode.swift; path = OllamaModels.swift; sourceTree = "<group>"; };
		EC595B82F89104655FA5BD6D /* Chat.swift */ = {isa = PBXFileReference; lastKnownFileType = sourcecode.swift; path = Chat.swift; sourceTree = "<group>"; };
		6CE29C3169565F90D27BF2D1 /* KeychainStore.swift */ = {isa = PBXFileReference; lastKnownFileType = sourcecode.swift; path = KeychainStore.swift; sourceTree = "<group>"; };
		C16E71E792A18330E918CE2C /* APIClient.swift */ = {isa = PBXFileReference; lastKnownFileType = sourcecode.swift; path = APIClient.swift; sourceTree = "<group>"; };
		DC94B3E12BF8A75C918934D8 /* AppModel.swift */ = {isa = PBXFileReference; lastKnownFileType = sourcecode.swift; path = AppModel.swift; sourceTree = "<group>"; };
		3BF2E9CD8A8A2935D535C090 /* ConsoleSession.swift */ = {isa = PBXFileReference; lastKnownFileType = sourcecode.swift; path = ConsoleSession.swift; sourceTree = "<group>"; };
		9E3D16F9314A80FC782E950D /* RootView.swift */ = {isa = PBXFileReference; lastKnownFileType = sourcecode.swift; path = RootView.swift; sourceTree = "<group>"; };
		4EDDA117AD453050E0D04717 /* ConnectView.swift */ = {isa = PBXFileReference; lastKnownFileType = sourcecode.swift; path = ConnectView.swift; sourceTree = "<group>"; };
		A6E9DD696EC064C0E356616F /* LoginQRScanner.swift */ = {isa = PBXFileReference; lastKnownFileType = sourcecode.swift; path = LoginQRScanner.swift; sourceTree = "<group>"; };
		958E57141FE4AF286E9FB9DC /* AppShell.swift */ = {isa = PBXFileReference; lastKnownFileType = sourcecode.swift; path = AppShell.swift; sourceTree = "<group>"; };
		BCA5A59E35FA97FDAAB97F49 /* SidebarView.swift */ = {isa = PBXFileReference; lastKnownFileType = sourcecode.swift; path = SidebarView.swift; sourceTree = "<group>"; };
		FF0845A7F634DD213C8A3643 /* DashboardView.swift */ = {isa = PBXFileReference; lastKnownFileType = sourcecode.swift; path = DashboardView.swift; sourceTree = "<group>"; };
		486354A327DD1C1F2B08B6C8 /* ChatView.swift */ = {isa = PBXFileReference; lastKnownFileType = sourcecode.swift; path = ChatView.swift; sourceTree = "<group>"; };
		C40C0E3A9BCA1B51480836FF /* HomeView.swift */ = {isa = PBXFileReference; lastKnownFileType = sourcecode.swift; path = HomeView.swift; sourceTree = "<group>"; };
		6BA85C5946B65A59DFF46D77 /* DevicesView.swift */ = {isa = PBXFileReference; lastKnownFileType = sourcecode.swift; path = DevicesView.swift; sourceTree = "<group>"; };
		A2210F025CB5CB601D421AC2 /* WorkloadsView.swift */ = {isa = PBXFileReference; lastKnownFileType = sourcecode.swift; path = WorkloadsView.swift; sourceTree = "<group>"; };
		623CAE304C77B61B00F58519 /* CreateWorkloadSheet.swift */ = {isa = PBXFileReference; lastKnownFileType = sourcecode.swift; path = CreateWorkloadSheet.swift; sourceTree = "<group>"; };
		5B71FF54AEAA3CBBCAE36961 /* WorkloadDetailView.swift */ = {isa = PBXFileReference; lastKnownFileType = sourcecode.swift; path = WorkloadDetailView.swift; sourceTree = "<group>"; };
		5BA84623ABE6FF301D44FA98 /* SerialConsoleView.swift */ = {isa = PBXFileReference; lastKnownFileType = sourcecode.swift; path = SerialConsoleView.swift; sourceTree = "<group>"; };
		9C4FA8F29E95AD508869D0D1 /* DisplayView.swift */ = {isa = PBXFileReference; lastKnownFileType = sourcecode.swift; path = DisplayView.swift; sourceTree = "<group>"; };
		6851D270665497BF2365DA20 /* LibraryView.swift */ = {isa = PBXFileReference; lastKnownFileType = sourcecode.swift; path = LibraryView.swift; sourceTree = "<group>"; };
		B4A77CF83D103110E5BF91E4 /* ModelsView.swift */ = {isa = PBXFileReference; lastKnownFileType = sourcecode.swift; path = ModelsView.swift; sourceTree = "<group>"; };
		3A4CC16A220D98EE907BF334 /* SettingsView.swift */ = {isa = PBXFileReference; lastKnownFileType = sourcecode.swift; path = SettingsView.swift; sourceTree = "<group>"; };
		E2E14E47E20214650F056095 /* Components.swift */ = {isa = PBXFileReference; lastKnownFileType = sourcecode.swift; path = Components.swift; sourceTree = "<group>"; };
		5997AFB7C283ECF969D6B8E3 /* APIDecodingTests.swift */ = {isa = PBXFileReference; lastKnownFileType = sourcecode.swift; path = APIDecodingTests.swift; sourceTree = "<group>"; };
		22FC7CFD982EE31324B0005D /* LibraryCatalogTests.swift */ = {isa = PBXFileReference; lastKnownFileType = sourcecode.swift; path = LibraryCatalogTests.swift; sourceTree = "<group>"; };
		4A026BC9CA66C66CEA2B15B5 /* CreateWorkloadTests.swift */ = {isa = PBXFileReference; lastKnownFileType = sourcecode.swift; path = CreateWorkloadTests.swift; sourceTree = "<group>"; };
		D2ED86E091468ABF880FF671 /* WorkloadDetailTests.swift */ = {isa = PBXFileReference; lastKnownFileType = sourcecode.swift; path = WorkloadDetailTests.swift; sourceTree = "<group>"; };
		F2736E37BD8088E36CB88836 /* LocalStreamTests.swift */ = {isa = PBXFileReference; lastKnownFileType = sourcecode.swift; path = LocalStreamTests.swift; sourceTree = "<group>"; };
		BAFA94CEA740ED82135195F5 /* SessionTests.swift */ = {isa = PBXFileReference; lastKnownFileType = sourcecode.swift; path = SessionTests.swift; sourceTree = "<group>"; };
		E40CBB0AD5AB0EF09A550FF6 /* PairingOfferTests.swift */ = {isa = PBXFileReference; lastKnownFileType = sourcecode.swift; path = PairingOfferTests.swift; sourceTree = "<group>"; };
		34F4F7B15CB150B09835FA6D /* OllamaModelsTests.swift */ = {isa = PBXFileReference; lastKnownFileType = sourcecode.swift; path = OllamaModelsTests.swift; sourceTree = "<group>"; };
		C98BDFE53740C15BA087AE6F /* ChatTests.swift */ = {isa = PBXFileReference; lastKnownFileType = sourcecode.swift; path = ChatTests.swift; sourceTree = "<group>"; };
		D9C6393D6C2EE0244C1E3BAF /* Info.plist */ = {isa = PBXFileReference; lastKnownFileType = text.plist.xml; path = Info.plist; sourceTree = "<group>"; };
		6CFFB50779C3195239B4A46F /* BarkVisorConsole.entitlements */ = {isa = PBXFileReference; lastKnownFileType = text.plist.entitlements; path = BarkVisorConsole.entitlements; sourceTree = "<group>"; };
		AA4ACA445B3FBAF47CDE31AC /* README.md */ = {isa = PBXFileReference; lastKnownFileType = net.daringfireball.markdown; path = README.md; sourceTree = "<group>"; };
		E0E27618A2D2A8FEBDD49F35 /* Assets.xcassets */ = {isa = PBXFileReference; lastKnownFileType = folder.assetcatalog; path = Assets.xcassets; sourceTree = "<group>"; };
		E8B498E4629DB56F072E5A0B /* noVNC */ = {isa = PBXFileReference; lastKnownFileType = folder; path = noVNC; sourceTree = "<group>"; };
/* End PBXFileReference section */

/* Begin PBXFrameworksBuildPhase section */
		C19A4328C9961E8F8A7CF4CD /* Frameworks */ = {
			isa = PBXFrameworksBuildPhase;
			buildActionMask = 2147483647;
			files = (
				89988E97162C9EEA1AADDF3D /* SwiftTerm in Frameworks */,
			);
			runOnlyForDeploymentPostprocessing = 0;
		};
		0F194C20A28A320F4CB82888 /* Frameworks */ = {
			isa = PBXFrameworksBuildPhase;
			buildActionMask = 2147483647;
			files = (
			);
			runOnlyForDeploymentPostprocessing = 0;
		};
/* End PBXFrameworksBuildPhase section */

/* Begin PBXGroup section */
		DF891E785808226D241F246E /* root */ = {
			isa = PBXGroup;
			children = (
				A9012353AFD6A66EB75D4BE2 /* Sources */,
				A024F06580C79B7582C3806A /* Resources */,
				156052F04525D0F710673CF0 /* Tests */,
				AA4ACA445B3FBAF47CDE31AC /* README.md */,
				5151B46607EBC8890D8DFCC2 /* Products */,
			);
			sourceTree = "<group>";
		};
		5151B46607EBC8890D8DFCC2 /* Products */ = {
			isa = PBXGroup;
			children = (
				8A247A2079A6E4934CBC47E7 /* BarkVisorConsole.app */,
				C6E48D7EB97B3255A74117B1 /* BarkVisorConsoleTests.xctest */,
			);
			sourceTree = "<group>";
		};
		A9012353AFD6A66EB75D4BE2 /* Sources */ = {
			isa = PBXGroup;
			children = (
				1C48CE29E4E135EE62951B22 /* App */,
				4ACEE3D9AAF2685CA995A468 /* Theme */,
				BF657CFE8769AAE6C0570C29 /* Models */,
				6EE67047A4B2648DDBB08231 /* Services */,
				58492F208780FA5EF3807E8F /* Views */,
			);
			path = Sources;
			sourceTree = "<group>";
		};
		1C48CE29E4E135EE62951B22 /* App */ = {
			isa = PBXGroup;
			children = (
				5F24339286D521AF2C260FA6 /* BarkVisorConsoleApp.swift */,
			);
			path = App;
			sourceTree = "<group>";
		};
		4ACEE3D9AAF2685CA995A468 /* Theme */ = {
			isa = PBXGroup;
			children = (
				D972FFFAF314F1E415F95262 /* Theme.swift */,
			);
			path = Theme;
			sourceTree = "<group>";
		};
		BF657CFE8769AAE6C0570C29 /* Models */ = {
			isa = PBXGroup;
			children = (
				69CCB06D0BEF46910846E84B /* Models.swift */,
				9416B2FFA637735BD6A83D9E /* LibraryCatalog.swift */,
				4F90E2197568BEAE7ABFB99E /* CreateWorkload.swift */,
				1434A82B342472B527529F12 /* CodingAgentImage.swift */,
				F479E78AC8E6DA04341B1D0A /* LoginURI.swift */,
				FE546D4E85BEAB00C60AEBB8 /* LoginOfferQR.swift */,
				DB3EE4BDE5C46872FDFF37D2 /* PairingOffer.swift */,
				B91FA22625E91B4AE84B4B12 /* StreamSupport.swift */,
				113D0559519883CC9981125D /* OllamaModels.swift */,
				EC595B82F89104655FA5BD6D /* Chat.swift */,
			);
			path = Models;
			sourceTree = "<group>";
		};
		6EE67047A4B2648DDBB08231 /* Services */ = {
			isa = PBXGroup;
			children = (
				6CE29C3169565F90D27BF2D1 /* KeychainStore.swift */,
				C16E71E792A18330E918CE2C /* APIClient.swift */,
				DC94B3E12BF8A75C918934D8 /* AppModel.swift */,
				3BF2E9CD8A8A2935D535C090 /* ConsoleSession.swift */,
			);
			path = Services;
			sourceTree = "<group>";
		};
		58492F208780FA5EF3807E8F /* Views */ = {
			isa = PBXGroup;
			children = (
				9E3D16F9314A80FC782E950D /* RootView.swift */,
				4EDDA117AD453050E0D04717 /* ConnectView.swift */,
				A6E9DD696EC064C0E356616F /* LoginQRScanner.swift */,
				958E57141FE4AF286E9FB9DC /* AppShell.swift */,
				BCA5A59E35FA97FDAAB97F49 /* SidebarView.swift */,
				FF0845A7F634DD213C8A3643 /* DashboardView.swift */,
				486354A327DD1C1F2B08B6C8 /* ChatView.swift */,
				C40C0E3A9BCA1B51480836FF /* HomeView.swift */,
				6BA85C5946B65A59DFF46D77 /* DevicesView.swift */,
				A2210F025CB5CB601D421AC2 /* WorkloadsView.swift */,
				623CAE304C77B61B00F58519 /* CreateWorkloadSheet.swift */,
				5B71FF54AEAA3CBBCAE36961 /* WorkloadDetailView.swift */,
				5BA84623ABE6FF301D44FA98 /* SerialConsoleView.swift */,
				9C4FA8F29E95AD508869D0D1 /* DisplayView.swift */,
				6851D270665497BF2365DA20 /* LibraryView.swift */,
				B4A77CF83D103110E5BF91E4 /* ModelsView.swift */,
				3A4CC16A220D98EE907BF334 /* SettingsView.swift */,
				54FE5E34995DE10F87DF7B85 /* Components */,
			);
			path = Views;
			sourceTree = "<group>";
		};
		54FE5E34995DE10F87DF7B85 /* Components */ = {
			isa = PBXGroup;
			children = (
				E2E14E47E20214650F056095 /* Components.swift */,
			);
			path = Components;
			sourceTree = "<group>";
		};
		A024F06580C79B7582C3806A /* Resources */ = {
			isa = PBXGroup;
			children = (
				E0E27618A2D2A8FEBDD49F35 /* Assets.xcassets */,
				E8B498E4629DB56F072E5A0B /* noVNC */,
				D9C6393D6C2EE0244C1E3BAF /* Info.plist */,
				6CFFB50779C3195239B4A46F /* BarkVisorConsole.entitlements */,
			);
			path = Resources;
			sourceTree = "<group>";
		};
		156052F04525D0F710673CF0 /* Tests */ = {
			isa = PBXGroup;
			children = (
				5997AFB7C283ECF969D6B8E3 /* APIDecodingTests.swift */,
				22FC7CFD982EE31324B0005D /* LibraryCatalogTests.swift */,
				4A026BC9CA66C66CEA2B15B5 /* CreateWorkloadTests.swift */,
				D2ED86E091468ABF880FF671 /* WorkloadDetailTests.swift */,
				F2736E37BD8088E36CB88836 /* LocalStreamTests.swift */,
				BAFA94CEA740ED82135195F5 /* SessionTests.swift */,
				E40CBB0AD5AB0EF09A550FF6 /* PairingOfferTests.swift */,
				34F4F7B15CB150B09835FA6D /* OllamaModelsTests.swift */,
				C98BDFE53740C15BA087AE6F /* ChatTests.swift */,
			);
			path = Tests;
			sourceTree = "<group>";
		};
/* End PBXGroup section */

/* Begin PBXNativeTarget section */
		29C7B681C8D62CBAC94D51C0 /* BarkVisorConsole */ = {
			isa = PBXNativeTarget;
			buildConfigurationList = 1689A671E55010C75B050208 /* Build configuration list for PBXNativeTarget "BarkVisorConsole" */;
			buildPhases = (
				D10ECEDA0FB53BA093BEC557 /* Sources */,
				C19A4328C9961E8F8A7CF4CD /* Frameworks */,
				C84B5C31679C986BFD935BC6 /* Resources */,
			);
			buildRules = (
			);
			dependencies = (
			);
			name = BarkVisorConsole;
			packageProductDependencies = (
				FDAFD770BDEB2E2B37188E80 /* SwiftTerm */,
			);
			productName = BarkVisorConsole;
			productReference = 8A247A2079A6E4934CBC47E7 /* BarkVisorConsole.app */;
			productType = "com.apple.product-type.application";
		};
		7EC8F98B7A265120217712DE /* BarkVisorConsoleTests */ = {
			isa = PBXNativeTarget;
			buildConfigurationList = 1E7F8529456AABFA92729563 /* Build configuration list for PBXNativeTarget "BarkVisorConsoleTests" */;
			buildPhases = (
				FE3769782B7F5220F0E0D205 /* Sources */,
				0F194C20A28A320F4CB82888 /* Frameworks */,
			);
			buildRules = (
			);
			dependencies = (
				9F27D8D1F7C8645BD8115973 /* PBXTargetDependency */,
			);
			name = BarkVisorConsoleTests;
			productName = BarkVisorConsoleTests;
			productReference = C6E48D7EB97B3255A74117B1 /* BarkVisorConsoleTests.xctest */;
			productType = "com.apple.product-type.bundle.unit-test";
		};
/* End PBXNativeTarget section */

/* Begin PBXProject section */
		98F54143AB4E86B28C3AFEE0 /* Project object */ = {
			isa = PBXProject;
			attributes = {
				BuildIndependentTargetsInParallel = 1;
				LastSwiftUpdateCheck = 1600;
				LastUpgradeCheck = 1600;
			};
			buildConfigurationList = 3C17AB3BC4A9FE87F444040C /* Build configuration list for PBXProject "BarkVisorConsole" */;
			compatibilityVersion = "Xcode 14.0";
			developmentRegion = en;
			hasScannedForEncodings = 0;
			knownRegions = (
				en,
				Base,
			);
			mainGroup = DF891E785808226D241F246E /* root */;
			packageReferences = (
				125CE8AA8EB4C84B954B8768 /* XCRemoteSwiftPackageReference "SwiftTerm" */,
			);
			productRefGroup = 5151B46607EBC8890D8DFCC2 /* Products */;
			projectDirPath = "";
			projectRoot = "";
			targets = (
				29C7B681C8D62CBAC94D51C0 /* BarkVisorConsole */,
				7EC8F98B7A265120217712DE /* BarkVisorConsoleTests */,
			);
		};
/* End PBXProject section */

/* Begin PBXResourcesBuildPhase section */
		C84B5C31679C986BFD935BC6 /* Resources */ = {
			isa = PBXResourcesBuildPhase;
			buildActionMask = 2147483647;
			files = (
				FB90684E69A6C96ED866993E /* Assets.xcassets in Resources */,
				D2AC7A94173F65741361BA3F /* noVNC in Resources */,
			);
			runOnlyForDeploymentPostprocessing = 0;
		};
/* End PBXResourcesBuildPhase section */

/* Begin PBXSourcesBuildPhase section */
		D10ECEDA0FB53BA093BEC557 /* Sources */ = {
			isa = PBXSourcesBuildPhase;
			buildActionMask = 2147483647;
			files = (
				17634B26E4EB4BE59CC4C7CE /* BarkVisorConsoleApp.swift in Sources */,
				3995B209EDDA358C2CE8D566 /* Theme.swift in Sources */,
				B8C3AABE20B3B126FB3A7651 /* Models.swift in Sources */,
				EEAF463302F7B80BDDF4DD1F /* LibraryCatalog.swift in Sources */,
				D3917BDBB132CA31F7930F40 /* CreateWorkload.swift in Sources */,
				875A95A55EF63D129EFA0CF5 /* CodingAgentImage.swift in Sources */,
				70951B7FEA9379BF5991EE56 /* LoginURI.swift in Sources */,
				010C45BE233A64785B84DE07 /* LoginOfferQR.swift in Sources */,
				7D0D18E893DC0929EE2593FD /* PairingOffer.swift in Sources */,
				3111420B5795A7B5C4C9EB7C /* StreamSupport.swift in Sources */,
				672D83DB1AA1BBD3EE39EF98 /* OllamaModels.swift in Sources */,
				32E3F907E72D7AC82B5BDB53 /* Chat.swift in Sources */,
				4D5F42AAD9FFEA4C03B4A640 /* KeychainStore.swift in Sources */,
				3495C38B4E19F7ED749AE745 /* APIClient.swift in Sources */,
				4BD46825C0B81C92CC81AD9B /* AppModel.swift in Sources */,
				F3E0AD70EAB6684ACB560CA0 /* ConsoleSession.swift in Sources */,
				DFF9BA2EF5C55A2DA338FA91 /* RootView.swift in Sources */,
				E82045A66F22735704FF1659 /* ConnectView.swift in Sources */,
				EC06974B57C7AC501E9E00FA /* LoginQRScanner.swift in Sources */,
				93C4E88344ACDF5A9723FCCA /* AppShell.swift in Sources */,
				B5DBFF2632507C489AF3F996 /* SidebarView.swift in Sources */,
				F3E39ED4F727F96FB8AE08F4 /* DashboardView.swift in Sources */,
				066E278CB0B44DF9BF2A3171 /* ChatView.swift in Sources */,
				8D3E98BD70C737AADA346B93 /* HomeView.swift in Sources */,
				2095399BAAD4B4CDA639CCBA /* DevicesView.swift in Sources */,
				5EE12625C18B3A818D879D8C /* WorkloadsView.swift in Sources */,
				11E524FFFCD88CD4978F96A8 /* CreateWorkloadSheet.swift in Sources */,
				9AC43EFDD19DB3039AB005B8 /* WorkloadDetailView.swift in Sources */,
				DF4E37A51C3F79D06ECE745F /* SerialConsoleView.swift in Sources */,
				02D993BF3DB2B3D572704DE7 /* DisplayView.swift in Sources */,
				09B7827E25017555FD5BE1C2 /* LibraryView.swift in Sources */,
				ADA9E5B76527A277A4967A26 /* ModelsView.swift in Sources */,
				8D8B2DE73FDE3D090B7BF3A9 /* SettingsView.swift in Sources */,
				9CB4F17BCA5715D9BAC8F201 /* Components.swift in Sources */,
			);
			runOnlyForDeploymentPostprocessing = 0;
		};
		FE3769782B7F5220F0E0D205 /* Sources */ = {
			isa = PBXSourcesBuildPhase;
			buildActionMask = 2147483647;
			files = (
				30B59A87B68379EC1911E553 /* APIDecodingTests.swift in Sources */,
				E1B4C9E9B34B37BDE12F5342 /* LibraryCatalogTests.swift in Sources */,
				5768E7FA4356E7827E3F93D5 /* CreateWorkloadTests.swift in Sources */,
				0453A0E474EB6E667BA9AE63 /* WorkloadDetailTests.swift in Sources */,
				D8E0BC3A9E1CEA906979E925 /* LocalStreamTests.swift in Sources */,
				0594E9D181A95AE9B9959531 /* SessionTests.swift in Sources */,
				DFAAF0B2B149C7BAE4D60F65 /* PairingOfferTests.swift in Sources */,
				3778ECDFDF579856BE9D888F /* OllamaModelsTests.swift in Sources */,
				2E78904B91B8F1EC30085112 /* ChatTests.swift in Sources */,
			);
			runOnlyForDeploymentPostprocessing = 0;
		};
/* End PBXSourcesBuildPhase section */

/* Begin PBXTargetDependency section */
		9F27D8D1F7C8645BD8115973 /* PBXTargetDependency */ = {
			isa = PBXTargetDependency;
			target = 29C7B681C8D62CBAC94D51C0 /* BarkVisorConsole */;
			targetProxy = 2B4D2F8BFE54E9562F422278 /* PBXContainerItemProxy */;
		};
/* End PBXTargetDependency section */

/* Begin PBXContainerItemProxy section */
		2B4D2F8BFE54E9562F422278 /* PBXContainerItemProxy */ = {
			isa = PBXContainerItemProxy;
			containerPortal = 98F54143AB4E86B28C3AFEE0 /* Project object */;
			proxyType = 1;
			remoteGlobalIDString = 29C7B681C8D62CBAC94D51C0;
			remoteInfo = BarkVisorConsole;
		};
/* End PBXContainerItemProxy section */

/* Begin XCBuildConfiguration section */
		E3EBCBBFB33611052F1F254E /* Debug */ = {
			isa = XCBuildConfiguration;
			buildSettings = {
				ALWAYS_SEARCH_USER_PATHS = NO;
				ASSETCATALOG_COMPILER_GENERATE_SWIFT_ASSET_SYMBOL_EXTENSIONS = YES;
				CLANG_ENABLE_MODULES = YES;
				CLANG_ENABLE_OBJC_ARC = YES;
				COPY_PHASE_STRIP = NO;
				DEBUG_INFORMATION_FORMAT = dwarf;
				ENABLE_STRICT_OBJC_MSGSEND = YES;
				GCC_DYNAMIC_NO_PIC = NO;
				GCC_NO_COMMON_BLOCKS = YES;
				IPHONEOS_DEPLOYMENT_TARGET = 26.0;
				MACOSX_DEPLOYMENT_TARGET = 14.0;
				SDKROOT = auto;
				STRING_CATALOG_GENERATE_SYMBOLS = YES;
				SUPPORTED_PLATFORMS = "iphoneos iphonesimulator macosx";
				SUPPORTS_MACCATALYST = NO;
				SWIFT_VERSION = 5.0;
				TARGETED_DEVICE_FAMILY = "1,2";
				SWIFT_OPTIMIZATION_LEVEL = "-Onone";
				SWIFT_ACTIVE_COMPILATION_CONDITIONS = "DEBUG $(inherited)";
				GCC_OPTIMIZATION_LEVEL = 0;
				GCC_PREPROCESSOR_DEFINITIONS = ("DEBUG=1", "$(inherited)",);
				ONLY_ACTIVE_ARCH = YES;
				ENABLE_TESTABILITY = YES;
			};
			name = Debug;
		};
		45A51FDE45C8C9313F9CC216 /* Release */ = {
			isa = XCBuildConfiguration;
			buildSettings = {
				ALWAYS_SEARCH_USER_PATHS = NO;
				ASSETCATALOG_COMPILER_GENERATE_SWIFT_ASSET_SYMBOL_EXTENSIONS = YES;
				CLANG_ENABLE_MODULES = YES;
				CLANG_ENABLE_OBJC_ARC = YES;
				COPY_PHASE_STRIP = NO;
				DEBUG_INFORMATION_FORMAT = dwarf;
				ENABLE_STRICT_OBJC_MSGSEND = YES;
				GCC_DYNAMIC_NO_PIC = NO;
				GCC_NO_COMMON_BLOCKS = YES;
				IPHONEOS_DEPLOYMENT_TARGET = 26.0;
				MACOSX_DEPLOYMENT_TARGET = 14.0;
				SDKROOT = auto;
				STRING_CATALOG_GENERATE_SYMBOLS = YES;
				SUPPORTED_PLATFORMS = "iphoneos iphonesimulator macosx";
				SUPPORTS_MACCATALYST = NO;
				SWIFT_VERSION = 5.0;
				TARGETED_DEVICE_FAMILY = "1,2";
				SWIFT_OPTIMIZATION_LEVEL = "-O";
				ENABLE_NS_ASSERTIONS = NO;
			};
			name = Release;
		};
		754064D2901B6752E802BA06 /* Debug */ = {
			isa = XCBuildConfiguration;
			buildSettings = {
				ALWAYS_SEARCH_USER_PATHS = NO;
				ASSETCATALOG_COMPILER_GENERATE_SWIFT_ASSET_SYMBOL_EXTENSIONS = YES;
				CLANG_ENABLE_MODULES = YES;
				CLANG_ENABLE_OBJC_ARC = YES;
				COPY_PHASE_STRIP = NO;
				DEBUG_INFORMATION_FORMAT = dwarf;
				ENABLE_STRICT_OBJC_MSGSEND = YES;
				GCC_DYNAMIC_NO_PIC = NO;
				GCC_NO_COMMON_BLOCKS = YES;
				IPHONEOS_DEPLOYMENT_TARGET = 26.0;
				MACOSX_DEPLOYMENT_TARGET = 14.0;
				SDKROOT = auto;
				STRING_CATALOG_GENERATE_SYMBOLS = YES;
				SUPPORTED_PLATFORMS = "iphoneos iphonesimulator macosx";
				SUPPORTS_MACCATALYST = NO;
				SWIFT_VERSION = 5.0;
				TARGETED_DEVICE_FAMILY = "1,2";

				ASSETCATALOG_COMPILER_APPICON_NAME = AppIcon;
				ASSETCATALOG_COMPILER_GLOBAL_ACCENT_COLOR_NAME = AccentColor;
				CODE_SIGN_ENTITLEMENTS = Resources/BarkVisorConsole.entitlements;
				CODE_SIGN_IDENTITY = "-";
				CODE_SIGN_STYLE = Automatic;
				COMBINE_HIDPI_IMAGES = YES;
				CURRENT_PROJECT_VERSION = 1;
				ENABLE_PREVIEWS = YES;
				GENERATE_INFOPLIST_FILE = NO;
				INFOPLIST_FILE = Resources/Info.plist;
				LD_RUNPATH_SEARCH_PATHS = (
					"$(inherited)",
					"@executable_path/Frameworks",
					"@executable_path/../Frameworks",
				);
				MARKETING_VERSION = 0.1.0;
				PRODUCT_BUNDLE_IDENTIFIER = dev.barkvisor.console;
				PRODUCT_NAME = BarkVisorConsole;
				SWIFT_APPROACHABLE_CONCURRENCY = YES;
				SWIFT_EMIT_LOC_STRINGS = YES;
				SWIFT_OPTIMIZATION_LEVEL = "-Onone";
				SWIFT_ACTIVE_COMPILATION_CONDITIONS = "DEBUG $(inherited)";
				GCC_OPTIMIZATION_LEVEL = 0;
				GCC_PREPROCESSOR_DEFINITIONS = ("DEBUG=1", "$(inherited)",);
				ONLY_ACTIVE_ARCH = YES;
				ENABLE_TESTABILITY = YES;
			};
			name = Debug;
		};
		831F0B0E7AD0243B76867D45 /* Release */ = {
			isa = XCBuildConfiguration;
			buildSettings = {
				ALWAYS_SEARCH_USER_PATHS = NO;
				ASSETCATALOG_COMPILER_GENERATE_SWIFT_ASSET_SYMBOL_EXTENSIONS = YES;
				CLANG_ENABLE_MODULES = YES;
				CLANG_ENABLE_OBJC_ARC = YES;
				COPY_PHASE_STRIP = NO;
				DEBUG_INFORMATION_FORMAT = dwarf;
				ENABLE_STRICT_OBJC_MSGSEND = YES;
				GCC_DYNAMIC_NO_PIC = NO;
				GCC_NO_COMMON_BLOCKS = YES;
				IPHONEOS_DEPLOYMENT_TARGET = 26.0;
				MACOSX_DEPLOYMENT_TARGET = 14.0;
				SDKROOT = auto;
				STRING_CATALOG_GENERATE_SYMBOLS = YES;
				SUPPORTED_PLATFORMS = "iphoneos iphonesimulator macosx";
				SUPPORTS_MACCATALYST = NO;
				SWIFT_VERSION = 5.0;
				TARGETED_DEVICE_FAMILY = "1,2";

				ASSETCATALOG_COMPILER_APPICON_NAME = AppIcon;
				ASSETCATALOG_COMPILER_GLOBAL_ACCENT_COLOR_NAME = AccentColor;
				CODE_SIGN_ENTITLEMENTS = Resources/BarkVisorConsole.entitlements;
				CODE_SIGN_IDENTITY = "-";
				CODE_SIGN_STYLE = Automatic;
				COMBINE_HIDPI_IMAGES = YES;
				CURRENT_PROJECT_VERSION = 1;
				ENABLE_PREVIEWS = YES;
				GENERATE_INFOPLIST_FILE = NO;
				INFOPLIST_FILE = Resources/Info.plist;
				LD_RUNPATH_SEARCH_PATHS = (
					"$(inherited)",
					"@executable_path/Frameworks",
					"@executable_path/../Frameworks",
				);
				MARKETING_VERSION = 0.1.0;
				PRODUCT_BUNDLE_IDENTIFIER = dev.barkvisor.console;
				PRODUCT_NAME = BarkVisorConsole;
				SWIFT_APPROACHABLE_CONCURRENCY = YES;
				SWIFT_EMIT_LOC_STRINGS = YES;
				SWIFT_OPTIMIZATION_LEVEL = "-O";
				ENABLE_NS_ASSERTIONS = NO;
			};
			name = Release;
		};
		AAC481A5D9FF5736BACF4060 /* Debug */ = {
			isa = XCBuildConfiguration;
			buildSettings = {
				ALWAYS_SEARCH_USER_PATHS = NO;
				ASSETCATALOG_COMPILER_GENERATE_SWIFT_ASSET_SYMBOL_EXTENSIONS = YES;
				CLANG_ENABLE_MODULES = YES;
				CLANG_ENABLE_OBJC_ARC = YES;
				COPY_PHASE_STRIP = NO;
				DEBUG_INFORMATION_FORMAT = dwarf;
				ENABLE_STRICT_OBJC_MSGSEND = YES;
				GCC_DYNAMIC_NO_PIC = NO;
				GCC_NO_COMMON_BLOCKS = YES;
				IPHONEOS_DEPLOYMENT_TARGET = 26.0;
				MACOSX_DEPLOYMENT_TARGET = 14.0;
				SDKROOT = auto;
				STRING_CATALOG_GENERATE_SYMBOLS = YES;
				SUPPORTED_PLATFORMS = "iphoneos iphonesimulator macosx";
				SUPPORTS_MACCATALYST = NO;
				SWIFT_VERSION = 5.0;
				TARGETED_DEVICE_FAMILY = "1,2";

				BUNDLE_LOADER = "$(TEST_HOST)";
				CODE_SIGN_IDENTITY = "-";
				CODE_SIGN_STYLE = Automatic;
				CURRENT_PROJECT_VERSION = 1;
				GENERATE_INFOPLIST_FILE = YES;
				LD_RUNPATH_SEARCH_PATHS = (
					"$(inherited)",
					"@executable_path/Frameworks",
					"@loader_path/Frameworks",
				);
				MARKETING_VERSION = 0.1.0;
				PRODUCT_BUNDLE_IDENTIFIER = dev.barkvisor.console.tests;
				PRODUCT_NAME = BarkVisorConsoleTests;
				SWIFT_APPROACHABLE_CONCURRENCY = YES;
				TEST_HOST = "$(BUILT_PRODUCTS_DIR)/BarkVisorConsole.app/$(BUNDLE_EXECUTABLE_FOLDER_PATH)/BarkVisorConsole";
				SWIFT_OPTIMIZATION_LEVEL = "-Onone";
				SWIFT_ACTIVE_COMPILATION_CONDITIONS = "DEBUG $(inherited)";
				GCC_OPTIMIZATION_LEVEL = 0;
				GCC_PREPROCESSOR_DEFINITIONS = ("DEBUG=1", "$(inherited)",);
				ONLY_ACTIVE_ARCH = YES;
				ENABLE_TESTABILITY = YES;
			};
			name = Debug;
		};
		1C8D1750B636EF2A6AE91BF6 /* Release */ = {
			isa = XCBuildConfiguration;
			buildSettings = {
				ALWAYS_SEARCH_USER_PATHS = NO;
				ASSETCATALOG_COMPILER_GENERATE_SWIFT_ASSET_SYMBOL_EXTENSIONS = YES;
				CLANG_ENABLE_MODULES = YES;
				CLANG_ENABLE_OBJC_ARC = YES;
				COPY_PHASE_STRIP = NO;
				DEBUG_INFORMATION_FORMAT = dwarf;
				ENABLE_STRICT_OBJC_MSGSEND = YES;
				GCC_DYNAMIC_NO_PIC = NO;
				GCC_NO_COMMON_BLOCKS = YES;
				IPHONEOS_DEPLOYMENT_TARGET = 26.0;
				MACOSX_DEPLOYMENT_TARGET = 14.0;
				SDKROOT = auto;
				STRING_CATALOG_GENERATE_SYMBOLS = YES;
				SUPPORTED_PLATFORMS = "iphoneos iphonesimulator macosx";
				SUPPORTS_MACCATALYST = NO;
				SWIFT_VERSION = 5.0;
				TARGETED_DEVICE_FAMILY = "1,2";

				BUNDLE_LOADER = "$(TEST_HOST)";
				CODE_SIGN_IDENTITY = "-";
				CODE_SIGN_STYLE = Automatic;
				CURRENT_PROJECT_VERSION = 1;
				GENERATE_INFOPLIST_FILE = YES;
				LD_RUNPATH_SEARCH_PATHS = (
					"$(inherited)",
					"@executable_path/Frameworks",
					"@loader_path/Frameworks",
				);
				MARKETING_VERSION = 0.1.0;
				PRODUCT_BUNDLE_IDENTIFIER = dev.barkvisor.console.tests;
				PRODUCT_NAME = BarkVisorConsoleTests;
				SWIFT_APPROACHABLE_CONCURRENCY = YES;
				TEST_HOST = "$(BUILT_PRODUCTS_DIR)/BarkVisorConsole.app/$(BUNDLE_EXECUTABLE_FOLDER_PATH)/BarkVisorConsole";
				SWIFT_OPTIMIZATION_LEVEL = "-O";
				ENABLE_NS_ASSERTIONS = NO;
			};
			name = Release;
		};
/* End XCBuildConfiguration section */

/* Begin XCConfigurationList section */
		3C17AB3BC4A9FE87F444040C /* Build configuration list for PBXProject "BarkVisorConsole" */ = {
			isa = XCConfigurationList;
			buildConfigurations = (
				E3EBCBBFB33611052F1F254E /* Debug */,
				45A51FDE45C8C9313F9CC216 /* Release */,
			);
			defaultConfigurationIsVisible = 0;
			defaultConfigurationName = Release;
		};
		1689A671E55010C75B050208 /* Build configuration list for PBXNativeTarget "BarkVisorConsole" */ = {
			isa = XCConfigurationList;
			buildConfigurations = (
				754064D2901B6752E802BA06 /* Debug */,
				831F0B0E7AD0243B76867D45 /* Release */,
			);
			defaultConfigurationIsVisible = 0;
			defaultConfigurationName = Release;
		};
		1E7F8529456AABFA92729563 /* Build configuration list for PBXNativeTarget "BarkVisorConsoleTests" */ = {
			isa = XCConfigurationList;
			buildConfigurations = (
				AAC481A5D9FF5736BACF4060 /* Debug */,
				1C8D1750B636EF2A6AE91BF6 /* Release */,
			);
			defaultConfigurationIsVisible = 0;
			defaultConfigurationName = Release;
		};
/* End XCConfigurationList section */

/* Begin XCRemoteSwiftPackageReference section */
		125CE8AA8EB4C84B954B8768 /* XCRemoteSwiftPackageReference "SwiftTerm" */ = {
			isa = XCRemoteSwiftPackageReference;
			repositoryURL = "https://github.com/migueldeicaza/SwiftTerm.git";
			requirement = {
				kind = exactVersion;
				version = 1.18.0;
			};
		};
/* End XCRemoteSwiftPackageReference section */

/* Begin XCSwiftPackageProductDependency section */
		FDAFD770BDEB2E2B37188E80 /* SwiftTerm */ = {
			isa = XCSwiftPackageProductDependency;
			package = 125CE8AA8EB4C84B954B8768 /* XCRemoteSwiftPackageReference "SwiftTerm" */;
			productName = SwiftTerm;
		};
/* End XCSwiftPackageProductDependency section */
	};
	rootObject = 98F54143AB4E86B28C3AFEE0 /* Project object */;
}
